// !$*UTF8*$!
{
	archiveVersion = 1;
	classes = {
	};
	objectVersion = 48;
	objects = {

/* Begin PBXBuildFile section */
		51C6C09665845BCF526B809C /* Pods_buddys.framework in Frameworks */ = {isa = PBXBuildFile; fileRef = 419AAFD09FB831A0DCD84AB8 /* Pods_buddys.framework */; };
		65A90B1B202B26A900DC905C /* AppDelegate.swift in Sources */ = {isa = PBXBuildFile; fileRef = 65A90B1A202B26A900DC905C /* AppDelegate.swift */; };
		65A90B1D202B26A900DC905C /* ViewController.swift in Sources */ = {isa = PBXBuildFile; fileRef = 65A90B1C202B26A900DC905C /* ViewController.swift */; };
		65A90B20202B26A900DC905C /* Main.storyboard in Resources */ = {isa = PBXBuildFile; fileRef = 65A90B1E202B26A900DC905C /* Main.storyboard */; };
		65A90B22202B26A900DC905C /* Assets.xcassets in Resources */ = {isa = PBXBuildFile; fileRef = 65A90B21202B26A900DC905C /* Assets.xcassets */; };
		65A90B25202B26A900DC905C /* LaunchScreen.storyboard in Resources */ = {isa = PBXBuildFile; fileRef = 65A90B23202B26A900DC905C /* LaunchScreen.storyboard */; };
		65A90B56202F8EE600DC905C /* SWRevealViewController.m in Sources */ = {isa = PBXBuildFile; fileRef = 65A90B55202F8EE600DC905C /* SWRevealViewController.m */; };
		65A90B58202F923900DC905C /* dispensaryVC.swift in Sources */ = {isa = PBXBuildFile; fileRef = 65A90B57202F923900DC905C /* dispensaryVC.swift */; };
		65A90B5A203102A400DC905C /* ProfileSidebar.swift in Sources */ = {isa = PBXBuildFile; fileRef = 65A90B59203102A300DC905C /* ProfileSidebar.swift */; };
		65A90B5C203115A700DC905C /* productList.swift in Sources */ = {isa = PBXBuildFile; fileRef = 65A90B5B203115A700DC905C /* productList.swift */; };
		65A90B5E2031B89900DC905C /* ProductDetailsVC.swift in Sources */ = {isa = PBXBuildFile; fileRef = 65A90B5D2031B89900DC905C /* ProductDetailsVC.swift */; };
		65A90B6020322ECC00DC905C /* CartVC.swift in Sources */ = {isa = PBXBuildFile; fileRef = 65A90B5F20322ECC00DC905C /* CartVC.swift */; };
		65A90B63203230B600DC905C /* MapKit.framework in Frameworks */ = {isa = PBXBuildFile; fileRef = 65A90B62203230B600DC905C /* MapKit.framework */; };
		65A90B652032617E00DC905C /* paymentVC.swift in Sources */ = {isa = PBXBuildFile; fileRef = 65A90B642032617E00DC905C /* paymentVC.swift */; };
/* End PBXBuildFile section */

/* Begin PBXContainerItemProxy section */
		65A90B2C202B26AA00DC905C /* PBXContainerItemProxy */ = {
			isa = PBXContainerItemProxy;
			containerPortal = 65A90B0F202B26A900DC905C /* Project object */;
			proxyType = 1;
			remoteGlobalIDString = 65A90B16202B26A900DC905C;
			remoteInfo = buddys;
		};
		65A90B37202B26AA00DC905C /* PBXContainerItemProxy */ = {
			isa = PBXContainerItemProxy;
			containerPortal = 65A90B0F202B26A900DC905C /* Project object */;
			proxyType = 1;
			remoteGlobalIDString = 65A90B16202B26A900DC905C;
			remoteInfo = buddys;
		};
/* End PBXContainerItemProxy section */

/* Begin PBXFileReference section */
		2B41DC1A61F50FBBEA977F50 /* Pods-buddys.debug.xcconfig */ = {isa = PBXFileReference; includeInIndex = 1; lastKnownFileType = text.xcconfig; name = "Pods-buddys.debug.xcconfig"; path = "Pods/Target Support Files/Pods-buddys/Pods-buddys.debug.xcconfig"; sourceTree = "<group>"; };
		419AAFD09FB831A0DCD84AB8 /* Pods_buddys.framework */ = {isa = PBXFileReference; explicitFileType = wrapper.framework; includeInIndex = 0; path = Pods_buddys.framework; sourceTree = BUILT_PRODUCTS_DIR; };
		65A90B17202B26A900DC905C /* buddys.app */ = {isa = PBXFileReference; explicitFileType = wrapper.application; includeInIndex = 0; path = buddys.app; sourceTree = BUILT_PRODUCTS_DIR; };
		65A90B1A202B26A900DC905C /* AppDelegate.swift */ = {isa = PBXFileReference; lastKnownFileType = sourcecode.swift; path = AppDelegate.swift; sourceTree = "<group>"; };
		65A90B1C202B26A900DC905C /* ViewController.swift */ = {isa = PBXFileReference; lastKnownFileType = sourcecode.swift; path = ViewController.swift; sourceTree = "<group>"; };
		65A90B1F202B26A900DC905C /* Base */ = {isa = PBXFileReference; lastKnownFileType = file.storyboard; name = Base; path = Base.lproj/Main.storyboard; sourceTree = "<group>"; };
		65A90B21202B26A900DC905C /* Assets.xcassets */ = {isa = PBXFileReference; lastKnownFileType = folder.assetcatalog; path = Assets.xcassets; sourceTree = "<group>"; };
		65A90B24202B26A900DC905C /* Base */ = {isa = PBXFileReference; lastKnownFileType = file.storyboard; name = Base; path = Base.lproj/LaunchScreen.storyboard; sourceTree = "<group>"; };
		65A90B26202B26A900DC905C /* Info.plist */ = {isa = PBXFileReference; lastKnownFileType = text.plist.xml; path = Info.plist; sourceTree = "<group>"; };
		65A90B2B202B26AA00DC905C /* buddysTests.xctest */ = {isa = PBXFileReference; explicitFileType = wrapper.cfbundle; includeInIndex = 0; path = buddysTests.xctest; sourceTree = BUILT_PRODUCTS_DIR; };
		65A90B36202B26AA00DC905C /* buddysUITests.xctest */ = {isa = PBXFileReference; explicitFileType = wrapper.cfbundle; includeInIndex = 0; path = buddysUITests.xctest; sourceTree = BUILT_PRODUCTS_DIR; };
		65A90B50202F8E2300DC905C /* buddys-Bridging-Header.h */ = {isa = PBXFileReference; lastKnownFileType = sourcecode.c.h; path = "buddys-Bridging-Header.h"; sourceTree = "<group>"; };
		65A90B54202F8EE600DC905C /* SWRevealViewController.h */ = {isa = PBXFileReference; fileEncoding = 4; lastKnownFileType = sourcecode.c.h; path = SWRevealViewController.h; sourceTree = "<group>"; };
		65A90B55202F8EE600DC905C /* SWRevealViewController.m */ = {isa = PBXFileReference; fileEncoding = 4; lastKnownFileType = sourcecode.c.objc; path = SWRevealViewController.m; sourceTree = "<group>"; };
		65A90B57202F923900DC905C /* dispensaryVC.swift */ = {isa = PBXFileReference; lastKnownFileType = sourcecode.swift; path = dispensaryVC.swift; sourceTree = "<group>"; };
		65A90B59203102A300DC905C /* ProfileSidebar.swift */ = {isa = PBXFileReference; lastKnownFileType = sourcecode.swift; path = ProfileSidebar.swift; sourceTree = "<group>"; };
		65A90B5B203115A700DC905C /* productList.swift */ = {isa = PBXFileReference; lastKnownFileType = sourcecode.swift; path = productList.swift; sourceTree = "<group>"; };
		65A90B5D2031B89900DC905C /* ProductDetailsVC.swift */ = {isa = PBXFileReference; lastKnownFileType = sourcecode.swift; path = ProductDetailsVC.swift; sourceTree = "<group>"; };
		65A90B5F20322ECC00DC905C /* CartVC.swift */ = {isa = PBXFileReference; lastKnownFileType = sourcecode.swift; path = CartVC.swift; sourceTree = "<group>"; };
		65A90B62203230B600DC905C /* MapKit.framework */ = {isa = PBXFileReference; lastKnownFileType = wrapper.framework; name = MapKit.framework; path = System/Library/Frameworks/MapKit.framework; sourceTree = SDKROOT; };
		65A90B642032617E00DC905C /* paymentVC.swift */ = {isa = PBXFileReference; lastKnownFileType = sourcecode.swift; path = paymentVC.swift; sourceTree = "<group>"; };
		A980A8598D448204FF821B72 /* Pods-buddys.release.xcconfig */ = {isa = PBXFileReference; includeInIndex = 1; lastKnownFileType = text.xcconfig; name = "Pods-buddys.release.xcconfig"; path = "Pods/Target Support Files/Pods-buddys/Pods-buddys.release.xcconfig"; sourceTree = "<group>"; };
/* End PBXFileReference section */

/* Begin PBXFrameworksBuildPhase section */
		65A90B14202B26A900DC905C /* Frameworks */ = {
			isa = PBXFrameworksBuildPhase;
			buildActionMask = 2147483647;
			files = (
				65A90B63203230B600DC905C /* MapKit.framework in Frameworks */,
				51C6C09665845BCF526B809C /* Pods_buddys.framework in Frameworks */,
			);
			runOnlyForDeploymentPostprocessing = 0;
		};
		65A90B28202B26AA00DC905C /* Frameworks */ = {
			isa = PBXFrameworksBuildPhase;
			buildActionMask = 2147483647;
			files = (
			);
			runOnlyForDeploymentPostprocessing = 0;
		};
		65A90B33202B26AA00DC905C /* Frameworks */ = {
			isa = PBXFrameworksBuildPhase;
			buildActionMask = 2147483647;
			files = (
			);
			runOnlyForDeploymentPostprocessing = 0;
		};
/* End PBXFrameworksBuildPhase section */

/* Begin PBXGroup section */
		65A90B0E202B26A900DC905C = {
			isa = PBXGroup;
			children = (
				65A90B19202B26A900DC905C /* buddys */,
				65A90B18202B26A900DC905C /* Products */,
				65A90B61203230B600DC905C /* Frameworks */,
				6A2978798E6E5248950DB615 /* Pods */,
			);
			sourceTree = "<group>";
		};
		65A90B18202B26A900DC905C /* Products */ = {
			isa = PBXGroup;
			children = (
				65A90B17202B26A900DC905C /* buddys.app */,
				65A90B2B202B26AA00DC905C /* buddysTests.xctest */,
				65A90B36202B26AA00DC905C /* buddysUITests.xctest */,
			);
			name = Products;
			sourceTree = "<group>";
		};
		65A90B19202B26A900DC905C /* buddys */ = {
			isa = PBXGroup;
			children = (
				65A90B4C202E5AED00DC905C /* Lib */,
				65A90B1A202B26A900DC905C /* AppDelegate.swift */,
				65A90B1C202B26A900DC905C /* ViewController.swift */,
				65A90B1E202B26A900DC905C /* Main.storyboard */,
				65A90B21202B26A900DC905C /* Assets.xcassets */,
				65A90B23202B26A900DC905C /* LaunchScreen.storyboard */,
				65A90B26202B26A900DC905C /* Info.plist */,
				65A90B50202F8E2300DC905C /* buddys-Bridging-Header.h */,
				65A90B57202F923900DC905C /* dispensaryVC.swift */,
				65A90B59203102A300DC905C /* ProfileSidebar.swift */,
				65A90B5B203115A700DC905C /* productList.swift */,
				65A90B5D2031B89900DC905C /* ProductDetailsVC.swift */,
				65A90B5F20322ECC00DC905C /* CartVC.swift */,
				65A90B642032617E00DC905C /* paymentVC.swift */,
			);
			path = buddys;
			sourceTree = "<group>";
		};
		65A90B4C202E5AED00DC905C /* Lib */ = {
			isa = PBXGroup;
			children = (
				65A90B54202F8EE600DC905C /* SWRevealViewController.h */,
				65A90B55202F8EE600DC905C /* SWRevealViewController.m */,
			);
			path = Lib;
			sourceTree = "<group>";
		};
		65A90B61203230B600DC905C /* Frameworks */ = {
			isa = PBXGroup;
			children = (
				65A90B62203230B600DC905C /* MapKit.framework */,
				419AAFD09FB831A0DCD84AB8 /* Pods_buddys.framework */,
			);
			name = Frameworks;
			sourceTree = "<group>";
		};
		6A2978798E6E5248950DB615 /* Pods */ = {
			isa = PBXGroup;
			children = (
				2B41DC1A61F50FBBEA977F50 /* Pods-buddys.debug.xcconfig */,
				A980A8598D448204FF821B72 /* Pods-buddys.release.xcconfig */,
			);
			name = Pods;
			sourceTree = "<group>";
		};
/* End PBXGroup section */

/* Begin PBXNativeTarget section */
		65A90B16202B26A900DC905C /* buddys */ = {
			isa = PBXNativeTarget;
			buildConfigurationList = 65A90B3F202B26AA00DC905C /* Build configuration list for PBXNativeTarget "buddys" */;
			buildPhases = (
				2C958ED0745B8BB894D2D1CF /* [CP] Check Pods Manifest.lock */,
				65A90B13202B26A900DC905C /* Sources */,
				65A90B14202B26A900DC905C /* Frameworks */,
				65A90B15202B26A900DC905C /* Resources */,
				AC71E6A7DAAC1B95A5FB139F /* [CP] Embed Pods Frameworks */,
				E88D18CEB55BEFB2AAFF6F50 /* [CP] Copy Pods Resources */,
			);
			buildRules = (
			);
			dependencies = (
			);
			name = buddys;
			productName = buddys;
			productReference = 65A90B17202B26A900DC905C /* buddys.app */;
			productType = "com.apple.product-type.application";
		};
		65A90B2A202B26AA00DC905C /* buddysTests */ = {
			isa = PBXNativeTarget;
			buildConfigurationList = 65A90B42202B26AA00DC905C /* Build configuration list for PBXNativeTarget "buddysTests" */;
			buildPhases = (
				65A90B27202B26AA00DC905C /* Sources */,
				65A90B28202B26AA00DC905C /* Frameworks */,
				65A90B29202B26AA00DC905C /* Resources */,
			);
			buildRules = (
			);
			dependencies = (
				65A90B2D202B26AA00DC905C /* PBXTargetDependency */,
			);
			name = buddysTests;
			productName = buddysTests;
			productReference = 65A90B2B202B26AA00DC905C /* buddysTests.xctest */;
			productType = "com.apple.product-type.bundle.unit-test";
		};
		65A90B35202B26AA00DC905C /* buddysUITests */ = {
			isa = PBXNativeTarget;
			buildConfigurationList = 65A90B45202B26AA00DC905C /* Build configuration list for PBXNativeTarget "buddysUITests" */;
			buildPhases = (
				65A90B32202B26AA00DC905C /* Sources */,
				65A90B33202B26AA00DC905C /* Frameworks */,
				65A90B34202B26AA00DC905C /* Resources */,
			);
			buildRules = (
			);
			dependencies = (
				65A90B38202B26AA00DC905C /* PBXTargetDependency */,
			);
			name = buddysUITests;
			productName = buddysUITests;
			productReference = 65A90B36202B26AA00DC905C /* buddysUITests.xctest */;
			productType = "com.apple.product-type.bundle.ui-testing";
		};
/* End PBXNativeTarget section */

/* Begin PBXProject section */
		65A90B0F202B26A900DC905C /* Project object */ = {
			isa = PBXProject;
			attributes = {
				LastSwiftUpdateCheck = 0920;
				LastUpgradeCheck = 0920;
				ORGANIZATIONNAME = HSI;
				TargetAttributes = {
					65A90B16202B26A900DC905C = {
						CreatedOnToolsVersion = 9.2;
						LastSwiftMigration = 0920;
						ProvisioningStyle = Automatic;
					};
					65A90B2A202B26AA00DC905C = {
						CreatedOnToolsVersion = 9.2;
						ProvisioningStyle = Automatic;
						TestTargetID = 65A90B16202B26A900DC905C;
					};
					65A90B35202B26AA00DC905C = {
						CreatedOnToolsVersion = 9.2;
						ProvisioningStyle = Automatic;
						TestTargetID = 65A90B16202B26A900DC905C;
					};
				};
			};
			buildConfigurationList = 65A90B12202B26A900DC905C /* Build configuration list for PBXProject "buddys" */;
			compatibilityVersion = "Xcode 8.0";
			developmentRegion = en;
			hasScannedForEncodings = 0;
			knownRegions = (
				en,
				Base,
			);
			mainGroup = 65A90B0E202B26A900DC905C;
			productRefGroup = 65A90B18202B26A900DC905C /* Products */;
			projectDirPath = "";
			projectRoot = "";
			targets = (
				65A90B16202B26A900DC905C /* buddys */,
				65A90B2A202B26AA00DC905C /* buddysTests */,
				65A90B35202B26AA00DC905C /* buddysUITests */,
			);
		};
/* End PBXProject section */

/* Begin PBXResourcesBuildPhase section */
		65A90B15202B26A900DC905C /* Resources */ = {
			isa = PBXResourcesBuildPhase;
			buildActionMask = 2147483647;
			files = (
				65A90B25202B26A900DC905C /* LaunchScreen.storyboard in Resources */,
				65A90B22202B26A900DC905C /* Assets.xcassets in Resources */,
				65A90B20202B26A900DC905C /* Main.storyboard in Resources */,
			);
			runOnlyForDeploymentPostprocessing = 0;
		};
		65A90B29202B26AA00DC905C /* Resources */ = {
			isa = PBXResourcesBuildPhase;
			buildActionMask = 2147483647;
			files = (
			);
			runOnlyForDeploymentPostprocessing = 0;
		};
		65A90B34202B26AA00DC905C /* Resources */ = {
			isa = PBXResourcesBuildPhase;
			buildActionMask = 2147483647;
			files = (
			);
			runOnlyForDeploymentPostprocessing = 0;
		};
/* End PBXResourcesBuildPhase section */

/* Begin PBXShellScriptBuildPhase section */
		2C958ED0745B8BB894D2D1CF /* [CP] Check Pods Manifest.lock */ = {
			isa = PBXShellScriptBuildPhase;
			buildActionMask = 2147483647;
			files = (
			);
			inputPaths = (
				"${PODS_PODFILE_DIR_PATH}/Podfile.lock",
				"${PODS_ROOT}/Manifest.lock",
			);
			name = "[CP] Check Pods Manifest.lock";
			outputPaths = (
				"$(DERIVED_FILE_DIR)/Pods-buddys-checkManifestLockResult.txt",
			);
			runOnlyForDeploymentPostprocessing = 0;
			shellPath = /bin/sh;
			shellScript = "diff \"${PODS_PODFILE_DIR_PATH}/Podfile.lock\" \"${PODS_ROOT}/Manifest.lock\" > /dev/null\nif [ $? != 0 ] ; then\n    # print error to STDERR\n    echo \"error: The sandbox is not in sync with the Podfile.lock. Run 'pod install' or update your CocoaPods installation.\" >&2\n    exit 1\nfi\n# This output is used by Xcode 'outputs' to avoid re-running this script phase.\necho \"SUCCESS\" > \"${SCRIPT_OUTPUT_FILE_0}\"\n";
			showEnvVarsInLog = 0;
		};
		AC71E6A7DAAC1B95A5FB139F /* [CP] Embed Pods Frameworks */ = {
			isa = PBXShellScriptBuildPhase;
			buildActionMask = 2147483647;
			files = (
			);
			inputPaths = (
				"${SRCROOT}/Pods/Target Support Files/Pods-buddys/Pods-buddys-frameworks.sh",
				"${BUILT_PRODUCTS_DIR}/Stripe/Stripe.framework",
			);
			name = "[CP] Embed Pods Frameworks";
			outputPaths = (
				"${TARGET_BUILD_DIR}/${FRAMEWORKS_FOLDER_PATH}/Stripe.framework",
			);
			runOnlyForDeploymentPostprocessing = 0;
			shellPath = /bin/sh;
			shellScript = "\"${SRCROOT}/Pods/Target Support Files/Pods-buddys/Pods-buddys-frameworks.sh\"\n";
			showEnvVarsInLog = 0;
		};
		E88D18CEB55BEFB2AAFF6F50 /* [CP] Copy Pods Resources */ = {
			isa = PBXShellScriptBuildPhase;
			buildActionMask = 2147483647;
			files = (
			);
			inputPaths = (
			);
			name = "[CP] Copy Pods Resources";
			outputPaths = (
			);
			runOnlyForDeploymentPostprocessing = 0;
			shellPath = /bin/sh;
			shellScript = "\"${SRCROOT}/Pods/Target Support Files/Pods-buddys/Pods-buddys-resources.sh\"\n";
			showEnvVarsInLog = 0;
		};
/* End PBXShellScriptBuildPhase section */

/* Begin PBXSourcesBuildPhase section */
		65A90B13202B26A900DC905C /* Sources */ = {
			isa = PBXSourcesBuildPhase;
			buildActionMask = 2147483647;
			files = (
				65A90B5A203102A400DC905C /* ProfileSidebar.swift in Sources */,
				65A90B5C203115A700DC905C /* productList.swift in Sources */,
				65A90B6020322ECC00DC905C /* CartVC.swift in Sources */,
				65A90B58202F923900DC905C /* dispensaryVC.swift in Sources */,
				65A90B1D202B26A900DC905C /* ViewController.swift in Sources */,
				65A90B652032617E00DC905C /* paymentVC.swift in Sources */,
				65A90B1B202B26A900DC905C /* AppDelegate.swift in Sources */,
				65A90B56202F8EE600DC905C /* SWRevealViewController.m in Sources */,
				65A90B5E2031B89900DC905C /* ProductDetailsVC.swift in Sources */,
			);
			runOnlyForDeploymentPostprocessing = 0;
		};
		65A90B27202B26AA00DC905C /* Sources */ = {
			isa = PBXSourcesBuildPhase;
			buildActionMask = 2147483647;
			files = (
			);
			runOnlyForDeploymentPostprocessing = 0;
		};
		65A90B32202B26AA00DC905C /* Sources */ = {
			isa = PBXSourcesBuildPhase;
			buildActionMask = 2147483647;
			files = (
			);
			runOnlyForDeploymentPostprocessing = 0;
		};
/* End PBXSourcesBuildPhase section */

/* Begin PBXTargetDependency section */
		65A90B2D202B26AA00DC905C /* PBXTargetDependency */ = {
			isa = PBXTargetDependency;
			target = 65A90B16202B26A900DC905C /* buddys */;
			targetProxy = 65A90B2C202B26AA00DC905C /* PBXContainerItemProxy */;
		};
		65A90B38202B26AA00DC905C /* PBXTargetDependency */ = {
			isa = PBXTargetDependency;
			target = 65A90B16202B26A900DC905C /* buddys */;
			targetProxy = 65A90B37202B26AA00DC905C /* PBXContainerItemProxy */;
		};
/* End PBXTargetDependency section */

/* Begin PBXVariantGroup section */
		65A90B1E202B26A900DC905C /* Main.storyboard */ = {
			isa = PBXVariantGroup;
			children = (
				65A90B1F202B26A900DC905C /* Base */,
			);
			name = Main.storyboard;
			sourceTree = "<group>";
		};
		65A90B23202B26A900DC905C /* LaunchScreen.storyboard */ = {
			isa = PBXVariantGroup;
			children = (
				65A90B24202B26A900DC905C /* Base */,
			);
			name = LaunchScreen.storyboard;
			sourceTree = "<group>";
		};
/* End PBXVariantGroup section */

/* Begin XCBuildConfiguration section */
		65A90B3D202B26AA00DC905C /* Debug */ = {
			isa = XCBuildConfiguration;
			buildSettings = {
				ALWAYS_SEARCH_USER_PATHS = NO;
				CLANG_ANALYZER_NONNULL = YES;
				CLANG_ANALYZER_NUMBER_OBJECT_CONVERSION = YES_AGGRESSIVE;
				CLANG_CXX_LANGUAGE_STANDARD = "gnu++14";
				CLANG_CXX_LIBRARY = "libc++";
				CLANG_ENABLE_MODULES = YES;
				CLANG_ENABLE_OBJC_ARC = YES;
				CLANG_WARN_BLOCK_CAPTURE_AUTORELEASING = YES;
				CLANG_WARN_BOOL_CONVERSION = YES;
				CLANG_WARN_COMMA = YES;
				CLANG_WARN_CONSTANT_CONVERSION = YES;
				CLANG_WARN_DIRECT_OBJC_ISA_USAGE = YES_ERROR;
				CLANG_WARN_DOCUMENTATION_COMMENTS = YES;
				CLANG_WARN_EMPTY_BODY = YES;
				CLANG_WARN_ENUM_CONVERSION = YES;
				CLANG_WARN_INFINITE_RECURSION = YES;
				CLANG_WARN_INT_CONVERSION = YES;
				CLANG_WARN_NON_LITERAL_NULL_CONVERSION = YES;
				CLANG_WARN_OBJC_LITERAL_CONVERSION = YES;
				CLANG_WARN_OBJC_ROOT_CLASS = YES_ERROR;
				CLANG_WARN_RANGE_LOOP_ANALYSIS = YES;
				CLANG_WARN_STRICT_PROTOTYPES = YES;
				CLANG_WARN_SUSPICIOUS_MOVE = YES;
				CLANG_WARN_UNGUARDED_AVAILABILITY = YES_AGGRESSIVE;
				CLANG_WARN_UNREACHABLE_CODE = YES;
				CLANG_WARN__DUPLICATE_METHOD_MATCH = YES;
				CODE_SIGN_IDENTITY = "iPhone Developer";
				COPY_PHASE_STRIP = NO;
				DEBUG_INFORMATION_FORMAT = dwarf;
				ENABLE_STRICT_OBJC_MSGSEND = YES;
				ENABLE_TESTABILITY = YES;
				GCC_C_LANGUAGE_STANDARD = gnu11;
				GCC_DYNAMIC_NO_PIC = NO;
				GCC_NO_COMMON_BLOCKS = YES;
				GCC_OPTIMIZATION_LEVEL = 0;
				GCC_PREPROCESSOR_DEFINITIONS = (
					"DEBUG=1",
					"$(inherited)",
				);
				GCC_WARN_64_TO_32_BIT_CONVERSION = YES;
				GCC_WARN_ABOUT_RETURN_TYPE = YES_ERROR;
				GCC_WARN_UNDECLARED_SELECTOR = YES;
				GCC_WARN_UNINITIALIZED_AUTOS = YES_AGGRESSIVE;
				GCC_WARN_UNUSED_FUNCTION = YES;
				GCC_WARN_UNUSED_VARIABLE = YES;
				IPHONEOS_DEPLOYMENT_TARGET = 11.2;
				MTL_ENABLE_DEBUG_INFO = YES;
				ONLY_ACTIVE_ARCH = YES;
				SDKROOT = iphoneos;
				SWIFT_ACTIVE_COMPILATION_CONDITIONS = DEBUG;
				SWIFT_OPTIMIZATION_LEVEL = "-Onone";
			};
			name = Debug;
		};
		65A90B3E202B26AA00DC905C /* Release */ = {
			isa = XCBuildConfiguration;
			buildSettings = {
				ALWAYS_SEARCH_USER_PATHS = NO;
				CLANG_ANALYZER_NONNULL = YES;
				CLANG_ANALYZER_NUMBER_OBJECT_CONVERSION = YES_AGGRESSIVE;
				CLANG_CXX_LANGUAGE_STANDARD = "gnu++14";
				CLANG_CXX_LIBRARY = "libc++";
				CLANG_ENABLE_MODULES = YES;
				CLANG_ENABLE_OBJC_ARC = YES;
				CLANG_WARN_BLOCK_CAPTURE_AUTORELEASING = YES;
				CLANG_WARN_BOOL_CONVERSION = YES;
				CLANG_WARN_COMMA = YES;
				CLANG_WARN_CONSTANT_CONVERSION = YES;
				CLANG_WARN_DIRECT_OBJC_ISA_USAGE = YES_ERROR;
				CLANG_WARN_DOCUMENTATION_COMMENTS = YES;
				CLANG_WARN_EMPTY_BODY = YES;
				CLANG_WARN_ENUM_CONVERSION = YES;
				CLANG_WARN_INFINITE_RECURSION = YES;
				CLANG_WARN_INT_CONVERSION = YES;
				CLANG_WARN_NON_LITERAL_NULL_CONVERSION = YES;
				CLANG_WARN_OBJC_LITERAL_CONVERSION = YES;
				CLANG_WARN_OBJC_ROOT_CLASS = YES_ERROR;
				CLANG_WARN_RANGE_LOOP_ANALYSIS = YES;
				CLANG_WARN_STRICT_PROTOTYPES = YES;
				CLANG_WARN_SUSPICIOUS_MOVE = YES;
				CLANG_WARN_UNGUARDED_AVAILABILITY = YES_AGGRESSIVE;
				CLANG_WARN_UNREACHABLE_CODE = YES;
				CLANG_WARN__DUPLICATE_METHOD_MATCH = YES;
				CODE_SIGN_IDENTITY = "iPhone Developer";
				COPY_PHASE_STRIP = NO;
				DEBUG_INFORMATION_FORMAT = "dwarf-with-dsym";
				ENABLE_NS_ASSERTIONS = NO;
				ENABLE_STRICT_OBJC_MSGSEND = YES;
				GCC_C_LANGUAGE_STANDARD = gnu11;
				GCC_NO_COMMON_BLOCKS = YES;
				GCC_WARN_64_TO_32_BIT_CONVERSION = YES;
				GCC_WARN_ABOUT_RETURN_TYPE = YES_ERROR;
				GCC_WARN_UNDECLARED_SELECTOR = YES;
				GCC_WARN_UNINITIALIZED_AUTOS = YES_AGGRESSIVE;
				GCC_WARN_UNUSED_FUNCTION = YES;
				GCC_WARN_UNUSED_VARIABLE = YES;
				IPHONEOS_DEPLOYMENT_TARGET = 11.2;
				MTL_ENABLE_DEBUG_INFO = NO;
				SDKROOT = iphoneos;
				SWIFT_OPTIMIZATION_LEVEL = "-Owholemodule";
				VALIDATE_PRODUCT = YES;
			};
			name = Release;
		};
		65A90B40202B26AA00DC905C /* Debug */ = {
			isa = XCBuildConfiguration;
			baseConfigurationReference = 2B41DC1A61F50FBBEA977F50 /* Pods-buddys.debug.xcconfig */;
			buildSettings = {
				ASSETCATALOG_COMPILER_APPICON_NAME = AppIcon;
				CLANG_ENABLE_MODULES = YES;
				CODE_SIGN_STYLE = Automatic;
				DEVELOPMENT_TEAM = AK4RWB2TUN;
				INFOPLIST_FILE = buddys/Info.plist;
				LD_RUNPATH_SEARCH_PATHS = "$(inherited) @executable_path/Frameworks";
				PRODUCT_BUNDLE_IDENTIFIER = com.HScottIndustries.buddys;
				PRODUCT_NAME = "$(TARGET_NAME)";
				SWIFT_OBJC_BRIDGING_HEADER = "buddys/buddys-Bridging-Header.h";
				SWIFT_OPTIMIZATION_LEVEL = "-Onone";
				SWIFT_VERSION = 4.0;
				TARGETED_DEVICE_FAMILY = "1,2";
			};
			name = Debug;
		};
		65A90B41202B26AA00DC905C /* Release */ = {
			isa = XCBuildConfiguration;
			baseConfigurationReference = A980A8598D448204FF821B72 /* Pods-buddys.release.xcconfig */;
			buildSettings = {
				ASSETCATALOG_COMPILER_APPICON_NAME = AppIcon;
				CLANG_ENABLE_MODULES = YES;
				CODE_SIGN_STYLE = Automatic;
				DEVELOPMENT_TEAM = AK4RWB2TUN;
				INFOPLIST_FILE = buddys/Info.plist;
				LD_RUNPATH_SEARCH_PATHS = "$(inherited) @executable_path/Frameworks";
				PRODUCT_BUNDLE_IDENTIFIER = com.HScottIndustries.buddys;
				PRODUCT_NAME = "$(TARGET_NAME)";
				SWIFT_OBJC_BRIDGING_HEADER = "buddys/buddys-Bridging-Header.h";
				SWIFT_VERSION = 4.0;
				TARGETED_DEVICE_FAMILY = "1,2";
			};
			name = Release;
		};
		65A90B43202B26AA00DC905C /* Debug */ = {
			isa = XCBuildConfiguration;
			buildSettings = {
				ALWAYS_EMBED_SWIFT_STANDARD_LIBRARIES = YES;
				BUNDLE_LOADER = "$(TEST_HOST)";
				CODE_SIGN_STYLE = Automatic;
				INFOPLIST_FILE = buddysTests/Info.plist;
				LD_RUNPATH_SEARCH_PATHS = "$(inherited) @executable_path/Frameworks @loader_path/Frameworks";
				PRODUCT_BUNDLE_IDENTIFIER = com.HScottIndustries.buddysTests;
				PRODUCT_NAME = "$(TARGET_NAME)";
				SWIFT_VERSION = 4.0;
				TARGETED_DEVICE_FAMILY = "1,2";
				TEST_HOST = "$(BUILT_PRODUCTS_DIR)/buddys.app/buddys";
			};
			name = Debug;
		};
		65A90B44202B26AA00DC905C /* Release */ = {
			isa = XCBuildConfiguration;
			buildSettings = {
				ALWAYS_EMBED_SWIFT_STANDARD_LIBRARIES = YES;
				BUNDLE_LOADER = "$(TEST_HOST)";
				CODE_SIGN_STYLE = Automatic;
				INFOPLIST_FILE = buddysTests/Info.plist;
				LD_RUNPATH_SEARCH_PATHS = "$(inherited) @executable_path/Frameworks @loader_path/Frameworks";
				PRODUCT_BUNDLE_IDENTIFIER = com.HScottIndustries.buddysTests;
				PRODUCT_NAME = "$(TARGET_NAME)";
				SWIFT_VERSION = 4.0;
				TARGETED_DEVICE_FAMILY = "1,2";
				TEST_HOST = "$(BUILT_PRODUCTS_DIR)/buddys.app/buddys";
			};
			name = Release;
		};
		65A90B46202B26AA00DC905C /* Debug */ = {
			isa = XCBuildConfiguration;
			buildSettings = {
				ALWAYS_EMBED_SWIFT_STANDARD_LIBRARIES = YES;
				CODE_SIGN_STYLE = Automatic;
				INFOPLIST_FILE = buddysUITests/Info.plist;
				LD_RUNPATH_SEARCH_PATHS = "$(inherited) @executable_path/Frameworks @loader_path/Frameworks";
				PRODUCT_BUNDLE_IDENTIFIER = com.HScottIndustries.buddysUITests;
				PRODUCT_NAME = "$(TARGET_NAME)";
				SWIFT_VERSION = 4.0;
				TARGETED_DEVICE_FAMILY = "1,2";
				TEST_TARGET_NAME = buddys;
			};
			name = Debug;
		};
		65A90B47202B26AA00DC905C /* Release */ = {
			isa = XCBuildConfiguration;
			buildSettings = {
				ALWAYS_EMBED_SWIFT_STANDARD_LIBRARIES = YES;
				CODE_SIGN_STYLE = Automatic;
				INFOPLIST_FILE = buddysUITests/Info.plist;
				LD_RUNPATH_SEARCH_PATHS = "$(inherited) @executable_path/Frameworks @loader_path/Frameworks";
				PRODUCT_BUNDLE_IDENTIFIER = com.HScottIndustries.buddysUITests;
				PRODUCT_NAME = "$(TARGET_NAME)";
				SWIFT_VERSION = 4.0;
				TARGETED_DEVICE_FAMILY = "1,2";
				TEST_TARGET_NAME = buddys;
			};
			name = Release;
		};
/* End XCBuildConfiguration section */

/* Begin XCConfigurationList section */
		65A90B12202B26A900DC905C /* Build configuration list for PBXProject "buddys" */ = {
			isa = XCConfigurationList;
			buildConfigurations = (
				65A90B3D202B26AA00DC905C /* Debug */,
				65A90B3E202B26AA00DC905C /* Release */,
			);
			defaultConfigurationIsVisible = 0;
			defaultConfigurationName = Release;
		};
		65A90B3F202B26AA00DC905C /* Build configuration list for PBXNativeTarget "buddys" */ = {
			isa = XCConfigurationList;
			buildConfigurations = (
				65A90B40202B26AA00DC905C /* Debug */,
				65A90B41202B26AA00DC905C /* Release */,
			);
			defaultConfigurationIsVisible = 0;
			defaultConfigurationName = Release;
		};
		65A90B42202B26AA00DC905C /* Build configuration list for PBXNativeTarget "buddysTests" */ = {
			isa = XCConfigurationList;
			buildConfigurations = (
				65A90B43202B26AA00DC905C /* Debug */,
				65A90B44202B26AA00DC905C /* Release */,
			);
			defaultConfigurationIsVisible = 0;
			defaultConfigurationName = Release;
		};
		65A90B45202B26AA00DC905C /* Build configuration list for PBXNativeTarget "buddysUITests" */ = {
			isa = XCConfigurationList;
			buildConfigurations = (
				65A90B46202B26AA00DC905C /* Debug */,
				65A90B47202B26AA00DC905C /* Release */,
			);
			defaultConfigurationIsVisible = 0;
			defaultConfigurationName = Release;
		};
/* End XCConfigurationList section */
	};
	rootObject = 65A90B0F202B26A900DC905C /* Project object */;
}
